// !$*UTF8*$!
{
	archiveVersion = 1;
	classes = {
	};
	objectVersion = 56;
	objects = {

/* Begin PBXBuildFile section */
		1D119246291D047C00C1B5B8 /* AppDelegate.swift in Sources */ = {isa = PBXBuildFile; fileRef = 1D119245291D047C00C1B5B8 /* AppDelegate.swift */; };
		1D11924A291D047C00C1B5B8 /* ViewController.swift in Sources */ = {isa = PBXBuildFile; fileRef = 1D119249291D047C00C1B5B8 /* ViewController.swift */; };
		1D11924F291D047E00C1B5B8 /* Assets.xcassets in Resources */ = {isa = PBXBuildFile; fileRef = 1D11924E291D047E00C1B5B8 /* Assets.xcassets */; };
		1D119252291D047E00C1B5B8 /* LaunchScreen.storyboard in Resources */ = {isa = PBXBuildFile; fileRef = 1D119250291D047E00C1B5B8 /* LaunchScreen.storyboard */; };
		1D119289291E7E3E00C1B5B8 /* FakeApiData.swift in Sources */ = {isa = PBXBuildFile; fileRef = 1D119288291E7E3E00C1B5B8 /* FakeApiData.swift */; };
		AD60B30BA71055AA878A94B6 /* Pods_CodingChallenge_2.framework in Frameworks */ = {isa = PBXBuildFile; fileRef = EF870E4674D3AFE84E0F7BDC /* Pods_CodingChallenge_2.framework */; };
/* End PBXBuildFile section */

/* Begin PBXFileReference section */
		1D119242291D047C00C1B5B8 /* CodingChallenge#2.app */ = {isa = PBXFileReference; explicitFileType = wrapper.application; includeInIndex = 0; path = "CodingChallenge#2.app"; sourceTree = BUILT_PRODUCTS_DIR; };
		1D119245291D047C00C1B5B8 /* AppDelegate.swift */ = {isa = PBXFileReference; lastKnownFileType = sourcecode.swift; path = AppDelegate.swift; sourceTree = "<group>"; };
		1D119249291D047C00C1B5B8 /* ViewController.swift */ = {isa = PBXFileReference; lastKnownFileType = sourcecode.swift; path = ViewController.swift; sourceTree = "<group>"; };
		1D11924E291D047E00C1B5B8 /* Assets.xcassets */ = {isa = PBXFileReference; lastKnownFileType = folder.assetcatalog; path = Assets.xcassets; sourceTree = "<group>"; };
		1D119251291D047E00C1B5B8 /* Base */ = {isa = PBXFileReference; lastKnownFileType = file.storyboard; name = Base; path = Base.lproj/LaunchScreen.storyboard; sourceTree = "<group>"; };
		1D119253291D047E00C1B5B8 /* Info.plist */ = {isa = PBXFileReference; lastKnownFileType = text.plist.xml; path = Info.plist; sourceTree = "<group>"; };
		1D119288291E7E3E00C1B5B8 /* FakeApiData.swift */ = {isa = PBXFileReference; lastKnownFileType = sourcecode.swift; path = FakeApiData.swift; sourceTree = "<group>"; };
		6407C02909C1572666F88190 /* Pods-CodingChallenge#2.release.xcconfig */ = {isa = PBXFileReference; includeInIndex = 1; lastKnownFileType = text.xcconfig; name = "Pods-CodingChallenge#2.release.xcconfig"; path = "Target Support Files/Pods-CodingChallenge#2/Pods-CodingChallenge#2.release.xcconfig"; sourceTree = "<group>"; };
		EF870E4674D3AFE84E0F7BDC /* Pods_CodingChallenge_2.framework */ = {isa = PBXFileReference; explicitFileType = wrapper.framework; includeInIndex = 0; path = Pods_CodingChallenge_2.framework; sourceTree = BUILT_PRODUCTS_DIR; };
		F5926D43B1240F306605CADE /* Pods-CodingChallenge#2.debug.xcconfig */ = {isa = PBXFileReference; includeInIndex = 1; lastKnownFileType = text.xcconfig; name = "Pods-CodingChallenge#2.debug.xcconfig"; path = "Target Support Files/Pods-CodingChallenge#2/Pods-CodingChallenge#2.debug.xcconfig"; sourceTree = "<group>"; };
/* End PBXFileReference section */

/* Begin PBXFrameworksBuildPhase section */
		1D11923F291D047C00C1B5B8 /* Frameworks */ = {
			isa = PBXFrameworksBuildPhase;
			buildActionMask = 2147483647;
			files = (
				AD60B30BA71055AA878A94B6 /* Pods_CodingChallenge_2.framework in Frameworks */,
			);
			runOnlyForDeploymentPostprocessing = 0;
		};
/* End PBXFrameworksBuildPhase section */

/* Begin PBXGroup section */
		1B9E25DED65D251ED20A082B /* Frameworks */ = {
			isa = PBXGroup;
			children = (
				EF870E4674D3AFE84E0F7BDC /* Pods_CodingChallenge_2.framework */,
			);
			name = Frameworks;
			sourceTree = "<group>";
		};
		1D119239291D047C00C1B5B8 = {
			isa = PBXGroup;
			children = (
				1D119244291D047C00C1B5B8 /* CodingChallenge#2 */,
				1D119243291D047C00C1B5B8 /* Products */,
				F307F3BCFCE9024CB560CB06 /* Pods */,
				1B9E25DED65D251ED20A082B /* Frameworks */,
			);
			sourceTree = "<group>";
		};
		1D119243291D047C00C1B5B8 /* Products */ = {
			isa = PBXGroup;
			children = (
				1D119242291D047C00C1B5B8 /* CodingChallenge#2.app */,
			);
			name = Products;
			sourceTree = "<group>";
		};
		1D119244291D047C00C1B5B8 /* CodingChallenge#2 */ = {
			isa = PBXGroup;
			children = (
				1D119245291D047C00C1B5B8 /* AppDelegate.swift */,
				1D119249291D047C00C1B5B8 /* ViewController.swift */,
				1D119285291E6D8F00C1B5B8 /* networking */,
				1D11924E291D047E00C1B5B8 /* Assets.xcassets */,
				1D119250291D047E00C1B5B8 /* LaunchScreen.storyboard */,
				1D119253291D047E00C1B5B8 /* Info.plist */,
			);
			path = "CodingChallenge#2";
			sourceTree = "<group>";
		};
		1D119285291E6D8F00C1B5B8 /* networking */ = {
			isa = PBXGroup;
			children = (
				1D119288291E7E3E00C1B5B8 /* FakeApiData.swift */,
			);
			path = networking;
			sourceTree = "<group>";
		};
		F307F3BCFCE9024CB560CB06 /* Pods */ = {
			isa = PBXGroup;
			children = (
				F5926D43B1240F306605CADE /* Pods-CodingChallenge#2.debug.xcconfig */,
				6407C02909C1572666F88190 /* Pods-CodingChallenge#2.release.xcconfig */,
			);
			path = Pods;
			sourceTree = "<group>";
		};
/* End PBXGroup section */

/* Begin PBXNativeTarget section */
		1D119241291D047C00C1B5B8 /* CodingChallenge#2 */ = {
			isa = PBXNativeTarget;
			buildConfigurationList = 1D119256291D047E00C1B5B8 /* Build configuration list for PBXNativeTarget "CodingChallenge#2" */;
			buildPhases = (
				D47A56551446479514EEB2DF /* [CP] Check Pods Manifest.lock */,
				1D11923E291D047C00C1B5B8 /* Sources */,
				1D11923F291D047C00C1B5B8 /* Frameworks */,
				1D119240291D047C00C1B5B8 /* Resources */,
				D011227760E2D807BD99A745 /* [CP] Embed Pods Frameworks */,
			);
			buildRules = (
			);
			dependencies = (
			);
			name = "CodingChallenge#2";
			productName = "CodingChallenge#2";
			productReference = 1D119242291D047C00C1B5B8 /* CodingChallenge#2.app */;
			productType = "com.apple.product-type.application";
		};
/* End PBXNativeTarget section */

/* Begin PBXProject section */
		1D11923A291D047C00C1B5B8 /* Project object */ = {
			isa = PBXProject;
			attributes = {
				BuildIndependentTargetsInParallel = 1;
				LastSwiftUpdateCheck = 1410;
				LastUpgradeCheck = 1410;
				TargetAttributes = {
					1D119241291D047C00C1B5B8 = {
						CreatedOnToolsVersion = 14.1;
					};
				};
			};
			buildConfigurationList = 1D11923D291D047C00C1B5B8 /* Build configuration list for PBXProject "CodingChallenge#2" */;
			compatibilityVersion = "Xcode 14.0";
			developmentRegion = en;
			hasScannedForEncodings = 0;
			knownRegions = (
				en,
				Base,
			);
			mainGroup = 1D119239291D047C00C1B5B8;
			productRefGroup = 1D119243291D047C00C1B5B8 /* Products */;
			projectDirPath = "";
			projectRoot = "";
			targets = (
				1D119241291D047C00C1B5B8 /* CodingChallenge#2 */,
			);
		};
/* End PBXProject section */

/* Begin PBXResourcesBuildPhase section */
		1D119240291D047C00C1B5B8 /* Resources */ = {
			isa = PBXResourcesBuildPhase;
			buildActionMask = 2147483647;
			files = (
				1D119252291D047E00C1B5B8 /* LaunchScreen.storyboard in Resources */,
				1D11924F291D047E00C1B5B8 /* Assets.xcassets in Resources */,
			);
			runOnlyForDeploymentPostprocessing = 0;
		};
/* End PBXResourcesBuildPhase section */

/* Begin PBXShellScriptBuildPhase section */
		D011227760E2D807BD99A745 /* [CP] Embed Pods Frameworks */ = {
			isa = PBXShellScriptBuildPhase;
			buildActionMask = 2147483647;
			files = (
			);
			inputFileListPaths = (
				"${PODS_ROOT}/Target Support Files/Pods-CodingChallenge#2/Pods-CodingChallenge#2-frameworks-${CONFIGURATION}-input-files.xcfilelist",
			);
			name = "[CP] Embed Pods Frameworks";
			outputFileListPaths = (
				"${PODS_ROOT}/Target Support Files/Pods-CodingChallenge#2/Pods-CodingChallenge#2-frameworks-${CONFIGURATION}-output-files.xcfilelist",
			);
			runOnlyForDeploymentPostprocessing = 0;
			shellPath = /bin/sh;
			shellScript = "\"${PODS_ROOT}/Target Support Files/Pods-CodingChallenge#2/Pods-CodingChallenge#2-frameworks.sh\"\n";
			showEnvVarsInLog = 0;
		};
		D47A56551446479514EEB2DF /* [CP] Check Pods Manifest.lock */ = {
			isa = PBXShellScriptBuildPhase;
			buildActionMask = 2147483647;
			files = (
			);
			inputFileListPaths = (
			);
			inputPaths = (
				"${PODS_PODFILE_DIR_PATH}/Podfile.lock",
				"${PODS_ROOT}/Manifest.lock",
			);
			name = "[CP] Check Pods Manifest.lock";
			outputFileListPaths = (
			);
			outputPaths = (
				"$(DERIVED_FILE_DIR)/Pods-CodingChallenge#2-checkManifestLockResult.txt",
			);
			runOnlyForDeploymentPostprocessing = 0;
			shellPath = /bin/sh;
			shellScript = "diff \"${PODS_PODFILE_DIR_PATH}/Podfile.lock\" \"${PODS_ROOT}/Manifest.lock\" > /dev/null\nif [ $? != 0 ] ; then\n    # print error to STDERR\n    echo \"error: The sandbox is not in sync with the Podfile.lock. Run 'pod install' or update your CocoaPods installation.\" >&2\n    exit 1\nfi\n# This output is used by Xcode 'outputs' to avoid re-running this script phase.\necho \"SUCCESS\" > \"${SCRIPT_OUTPUT_FILE_0}\"\n";
			showEnvVarsInLog = 0;
		};
/* End PBXShellScriptBuildPhase section */

/* Begin PBXSourcesBuildPhase section */
		1D11923E291D047C00C1B5B8 /* Sources */ = {
			isa = PBXSourcesBuildPhase;
			buildActionMask = 2147483647;
			files = (
				1D11924A291D047C00C1B5B8 /* ViewController.swift in Sources */,
				1D119289291E7E3E00C1B5B8 /* FakeApiData.swift in Sources */,
				1D119246291D047C00C1B5B8 /* AppDelegate.swift in Sources */,
			);
			runOnlyForDeploymentPostprocessing = 0;
		};
/* End PBXSourcesBuildPhase section */

/* Begin PBXVariantGroup section */
		1D119250291D047E00C1B5B8 /* LaunchScreen.storyboard */ = {
			isa = PBXVariantGroup;
			children = (
				1D119251291D047E00C1B5B8 /* Base */,
			);
			name = LaunchScreen.storyboard;
			sourceTree = "<group>";
		};
/* End PBXVariantGroup section */

/* Begin XCBuildConfiguration section */
		1D119254291D047E00C1B5B8 /* Debug */ = {
			isa = XCBuildConfiguration;
			buildSettings = {
				ALWAYS_SEARCH_USER_PATHS = NO;
				CLANG_ANALYZER_NONNULL = YES;
				CLANG_ANALYZER_NUMBER_OBJECT_CONVERSION = YES_AGGRESSIVE;
				CLANG_CXX_LANGUAGE_STANDARD = "gnu++20";
				CLANG_ENABLE_MODULES = YES;
				CLANG_ENABLE_OBJC_ARC = YES;
				CLANG_ENABLE_OBJC_WEAK = YES;
				CLANG_WARN_BLOCK_CAPTURE_AUTORELEASING = YES;
				CLANG_WARN_BOOL_CONVERSION = YES;
				CLANG_WARN_COMMA = YES;
				CLANG_WARN_CONSTANT_CONVERSION = YES;
				CLANG_WARN_DEPRECATED_OBJC_IMPLEMENTATIONS = YES;
				CLANG_WARN_DIRECT_OBJC_ISA_USAGE = YES_ERROR;
				CLANG_WARN_DOCUMENTATION_COMMENTS = YES;
				CLANG_WARN_EMPTY_BODY = YES;
				CLANG_WARN_ENUM_CONVERSION = YES;
				CLANG_WARN_INFINITE_RECURSION = YES;
				CLANG_WARN_INT_CONVERSION = YES;
				CLANG_WARN_NON_LITERAL_NULL_CONVERSION = YES;
				CLANG_WARN_OBJC_IMPLICIT_RETAIN_SELF = YES;
				CLANG_WARN_OBJC_LITERAL_CONVERSION = YES;
				CLANG_WARN_OBJC_ROOT_CLASS = YES_ERROR;
				CLANG_WARN_QUOTED_INCLUDE_IN_FRAMEWORK_HEADER = YES;
				CLANG_WARN_RANGE_LOOP_ANALYSIS = YES;
				CLANG_WARN_STRICT_PROTOTYPES = YES;
				CLANG_WARN_SUSPICIOUS_MOVE = YES;
				CLANG_WARN_UNGUARDED_AVAILABILITY = YES_AGGRESSIVE;
				CLANG_WARN_UNREACHABLE_CODE = YES;
				CLANG_WARN__DUPLICATE_METHOD_MATCH = YES;
				COPY_PHASE_STRIP = NO;
				DEBUG_INFORMATION_FORMAT = dwarf;
				ENABLE_STRICT_OBJC_MSGSEND = YES;
				ENABLE_TESTABILITY = YES;
				GCC_C_LANGUAGE_STANDARD = gnu11;
				GCC_DYNAMIC_NO_PIC = NO;
				GCC_NO_COMMON_BLOCKS = YES;
				GCC_OPTIMIZATION_LEVEL = 0;
				GCC_PREPROCESSOR_DEFINITIONS = (
					"DEBUG=1",
					"$(inherited)",
				);
				GCC_WARN_64_TO_32_BIT_CONVERSION = YES;
				GCC_WARN_ABOUT_RETURN_TYPE = YES_ERROR;
				GCC_WARN_UNDECLARED_SELECTOR = YES;
				GCC_WARN_UNINITIALIZED_AUTOS = YES_AGGRESSIVE;
				GCC_WARN_UNUSED_FUNCTION = YES;
				GCC_WARN_UNUSED_VARIABLE = YES;
				IPHONEOS_DEPLOYMENT_TARGET = 16.1;
				MTL_ENABLE_DEBUG_INFO = INCLUDE_SOURCE;
				MTL_FAST_MATH = YES;
				ONLY_ACTIVE_ARCH = YES;
				SDKROOT = iphoneos;
				SWIFT_ACTIVE_COMPILATION_CONDITIONS = DEBUG;
				SWIFT_OPTIMIZATION_LEVEL = "-Onone";
			};
			name = Debug;
		};
		1D119255291D047E00C1B5B8 /* Release */ = {
			isa = XCBuildConfiguration;
			buildSettings = {
				ALWAYS_SEARCH_USER_PATHS = NO;
				CLANG_ANALYZER_NONNULL = YES;
				CLANG_ANALYZER_NUMBER_OBJECT_CONVERSION = YES_AGGRESSIVE;
				CLANG_CXX_LANGUAGE_STANDARD = "gnu++20";
				CLANG_ENABLE_MODULES = YES;
				CLANG_ENABLE_OBJC_ARC = YES;
				CLANG_ENABLE_OBJC_WEAK = YES;
				CLANG_WARN_BLOCK_CAPTURE_AUTORELEASING = YES;
				CLANG_WARN_BOOL_CONVERSION = YES;
				CLANG_WARN_COMMA = YES;
				CLANG_WARN_CONSTANT_CONVERSION = YES;
				CLANG_WARN_DEPRECATED_OBJC_IMPLEMENTATIONS = YES;
				CLANG_WARN_DIRECT_OBJC_ISA_USAGE = YES_ERROR;
				CLANG_WARN_DOCUMENTATION_COMMENTS = YES;
				CLANG_WARN_EMPTY_BODY = YES;
				CLANG_WARN_ENUM_CONVERSION = YES;
				CLANG_WARN_INFINITE_RECURSION = YES;
				CLANG_WARN_INT_CONVERSION = YES;
				CLANG_WARN_NON_LITERAL_NULL_CONVERSION = YES;
				CLANG_WARN_OBJC_IMPLICIT_RETAIN_SELF = YES;
				CLANG_WARN_OBJC_LITERAL_CONVERSION = YES;
				CLANG_WARN_OBJC_ROOT_CLASS = YES_ERROR;
				CLANG_WARN_QUOTED_INCLUDE_IN_FRAMEWORK_HEADER = YES;
				CLANG_WARN_RANGE_LOOP_ANALYSIS = YES;
				CLANG_WARN_STRICT_PROTOTYPES = YES;
				CLANG_WARN_SUSPICIOUS_MOVE = YES;
				CLANG_WARN_UNGUARDED_AVAILABILITY = YES_AGGRESSIVE;
				CLANG_WARN_UNREACHABLE_CODE = YES;
				CLANG_WARN__DUPLICATE_METHOD_MATCH = YES;
				COPY_PHASE_STRIP = NO;
				DEBUG_INFORMATION_FORMAT = "dwarf-with-dsym";
				ENABLE_NS_ASSERTIONS = NO;
				ENABLE_STRICT_OBJC_MSGSEND = YES;
				GCC_C_LANGUAGE_STANDARD = gnu11;
				GCC_NO_COMMON_BLOCKS = YES;
				GCC_WARN_64_TO_32_BIT_CONVERSION = YES;
				GCC_WARN_ABOUT_RETURN_TYPE = YES_ERROR;
				GCC_WARN_UNDECLARED_SELECTOR = YES;
				GCC_WARN_UNINITIALIZED_AUTOS = YES_AGGRESSIVE;
				GCC_WARN_UNUSED_FUNCTION = YES;
				GCC_WARN_UNUSED_VARIABLE = YES;
				IPHONEOS_DEPLOYMENT_TARGET = 16.1;
				MTL_ENABLE_DEBUG_INFO = NO;
				MTL_FAST_MATH = YES;
				SDKROOT = iphoneos;
				SWIFT_COMPILATION_MODE = wholemodule;
				SWIFT_OPTIMIZATION_LEVEL = "-O";
				VALIDATE_PRODUCT = YES;
			};
			name = Release;
		};
		1D119257291D047E00C1B5B8 /* Debug */ = {
			isa = XCBuildConfiguration;
			baseConfigurationReference = F5926D43B1240F306605CADE /* Pods-CodingChallenge#2.debug.xcconfig */;
			buildSettings = {
				ASSETCATALOG_COMPILER_APPICON_NAME = AppIcon;
				ASSETCATALOG_COMPILER_GLOBAL_ACCENT_COLOR_NAME = AccentColor;
				CODE_SIGN_STYLE = Automatic;
				CURRENT_PROJECT_VERSION = 1;
				DEVELOPMENT_TEAM = 37H5DH3ZLK;
				GENERATE_INFOPLIST_FILE = YES;
				INFOPLIST_FILE = "CodingChallenge#2/Info.plist";
				INFOPLIST_KEY_UIApplicationSupportsIndirectInputEvents = YES;
				INFOPLIST_KEY_UILaunchStoryboardName = LaunchScreen;
				INFOPLIST_KEY_UISupportedInterfaceOrientations_iPad = "UIInterfaceOrientationPortrait UIInterfaceOrientationPortraitUpsideDown UIInterfaceOrientationLandscapeLeft UIInterfaceOrientationLandscapeRight";
				INFOPLIST_KEY_UISupportedInterfaceOrientations_iPhone = "UIInterfaceOrientationPortrait UIInterfaceOrientationLandscapeLeft UIInterfaceOrientationLandscapeRight";
				LD_RUNPATH_SEARCH_PATHS = (
					"$(inherited)",
					"@executable_path/Frameworks",
				);
				MARKETING_VERSION = 1.0;
				PRODUCT_BUNDLE_IDENTIFIER = "de.jessicaernst.CodingChallenge-2";
				PRODUCT_NAME = "$(TARGET_NAME)";
				SWIFT_EMIT_LOC_STRINGS = YES;
				SWIFT_VERSION = 5.0;
				TARGETED_DEVICE_FAMILY = "1,2";
			};
			name = Debug;
		};
		1D119258291D047E00C1B5B8 /* Release */ = {
			isa = XCBuildConfiguration;
			baseConfigurationReference = 6407C02909C1572666F88190 /* Pods-CodingChallenge#2.release.xcconfig */;
			buildSettings = {
				ASSETCATALOG_COMPILER_APPICON_NAME = AppIcon;
				ASSETCATALOG_COMPILER_GLOBAL_ACCENT_COLOR_NAME = AccentColor;
				CODE_SIGN_STYLE = Automatic;
				CURRENT_PROJECT_VERSION = 1;
				DEVELOPMENT_TEAM = 37H5DH3ZLK;
				GENERATE_INFOPLIST_FILE = YES;
				INFOPLIST_FILE = "CodingChallenge#2/Info.plist";
				INFOPLIST_KEY_UIApplicationSupportsIndirectInputEvents = YES;
				INFOPLIST_KEY_UILaunchStoryboardName = LaunchScreen;
				INFOPLIST_KEY_UISupportedInterfaceOrientations_iPad = "UIInterfaceOrientationPortrait UIInterfaceOrientationPortraitUpsideDown UIInterfaceOrientationLandscapeLeft UIInterfaceOrientationLandscapeRight";
				INFOPLIST_KEY_UISupportedInterfaceOrientations_iPhone = "UIInterfaceOrientationPortrait UIInterfaceOrientationLandscapeLeft UIInterfaceOrientationLandscapeRight";
				LD_RUNPATH_SEARCH_PATHS = (
					"$(inherited)",
					"@executable_path/Frameworks",
				);
				MARKETING_VERSION = 1.0;
				PRODUCT_BUNDLE_IDENTIFIER = "de.jessicaernst.CodingChallenge-2";
				PRODUCT_NAME = "$(TARGET_NAME)";
				SWIFT_EMIT_LOC_STRINGS = YES;
				SWIFT_VERSION = 5.0;
				TARGETED_DEVICE_FAMILY = "1,2";
			};
			name = Release;
		};
/* End XCBuildConfiguration section */

/* Begin XCConfigurationList section */
		1D11923D291D047C00C1B5B8 /* Build configuration list for PBXProject "CodingChallenge#2" */ = {
			isa = XCConfigurationList;
			buildConfigurations = (
				1D119254291D047E00C1B5B8 /* Debug */,
				1D119255291D047E00C1B5B8 /* Release */,
			);
			defaultConfigurationIsVisible = 0;
			defaultConfigurationName = Release;
		};
		1D119256291D047E00C1B5B8 /* Build configuration list for PBXNativeTarget "CodingChallenge#2" */ = {
			isa = XCConfigurationList;
			buildConfigurations = (
				1D119257291D047E00C1B5B8 /* Debug */,
				1D119258291D047E00C1B5B8 /* Release */,
			);
			defaultConfigurationIsVisible = 0;
			defaultConfigurationName = Release;
		};
/* End XCConfigurationList section */
	};
	rootObject = 1D11923A291D047C00C1B5B8 /* Project object */;
}
